
Microsoft Visual Studio Solution File, Format Version 12.00
# Visual Studio 15
VisualStudioVersion = 15.0.28307.168
MinimumVisualStudioVersion = 10.0.40219.1
Project("{FAE04EC0-301F-11D3-BF4B-00C04F79EFBC}") = "BlackJack", "BlackJack\BlackJack.csproj", "{CAF3D1E9-3FDD-488D-A453-52BC2039BA10}"
EndProject
Global
	GlobalSection(SolutionConfigurationPlatforms) = preSolution
		Debug|Any CPU = Debug|Any CPU
		Release|Any CPU = Release|Any CPU
	EndGlobalSection
	GlobalSection(ProjectConfigurationPlatforms) = postSolution
		{CAF3D1E9-3FDD-488D-A453-52BC2039BA10}.Debug|Any CPU.ActiveCfg = Debug|Any CPU
		{CAF3D1E9-3FDD-488D-A453-52BC2039BA10}.Debug|Any CPU.Build.0 = Debug|Any CPU
		{CAF3D1E9-3FDD-488D-A453-52BC2039BA10}.Release|Any CPU.ActiveCfg = Release|Any CPU
		{CAF3D1E9-3FDD-488D-A453-52BC2039BA10}.Release|Any CPU.Build.0 = Release|Any CPU
	EndGlobalSection
	GlobalSection(SolutionProperties) = preSolution
		HideSolutionNode = FALSE
	EndGlobalSection
	GlobalSection(ExtensibilityGlobals) = postSolution
		SolutionGuid = {D9FA1700-87F2-4324-8EB8-07F9EF12DA0E}
	EndGlobalSection
EndGlobal
